
Microsoft Visual Studio Solution File, Format Version 12.00
# Visual Studio Version 16
VisualStudioVersion = 16.0.30804.86
MinimumVisualStudioVersion = 10.0.40219.1
Project("{9A19103F-16F7-4668-BE54-9A1E7A4F7556}") = "TestingAndLogging", "TestingAndLogging.csproj", "{08632203-6A6F-46C4-A942-184FEDD2822C}"
EndProject
Project("{9A19103F-16F7-4668-BE54-9A1E7A4F7556}") = "CalculateServiceXUnitTest", "..\CalculateServiceXUnitTest\CalculateServiceXUnitTest.csproj", "{AC45FF4D-7110-4254-9F19-AA5DD249498E}"
EndProject
Global
	GlobalSection(SolutionConfigurationPlatforms) = preSolution
		Debug|Any CPU = Debug|Any CPU
		Release|Any CPU = Release|Any CPU
	EndGlobalSection
	GlobalSection(ProjectConfigurationPlatforms) = postSolution
		{08632203-6A6F-46C4-A942-184FEDD2822C}.Debug|Any CPU.ActiveCfg = Debug|Any CPU
		{08632203-6A6F-46C4-A942-184FEDD2822C}.Debug|Any CPU.Build.0 = Debug|Any CPU
		{08632203-6A6F-46C4-A942-184FEDD2822C}.Release|Any CPU.ActiveCfg = Release|Any CPU
		{08632203-6A6F-46C4-A942-184FEDD2822C}.Release|Any CPU.Build.0 = Release|Any CPU
		{AC45FF4D-7110-4254-9F19-AA5DD249498E}.Debug|Any CPU.ActiveCfg = Debug|Any CPU
		{AC45FF4D-7110-4254-9F19-AA5DD249498E}.Debug|Any CPU.Build.0 = Debug|Any CPU
		{AC45FF4D-7110-4254-9F19-AA5DD249498E}.Release|Any CPU.ActiveCfg = Release|Any CPU
		{AC45FF4D-7110-4254-9F19-AA5DD249498E}.Release|Any CPU.Build.0 = Release|Any CPU
	EndGlobalSection
	GlobalSection(SolutionProperties) = preSolution
		HideSolutionNode = FALSE
	EndGlobalSection
	GlobalSection(ExtensibilityGlobals) = postSolution
		SolutionGuid = {595B25DB-2783-4961-BB79-51ACADD15E2B}
	EndGlobalSection
EndGlobal
